
Microsoft Visual Studio Solution File, Format Version 12.00
Project("{FAE04EC0-301F-11D3-BF4B-00C04F79EFBC}") = "AdventOfCode2024.Solutions", "AdventOfCode2024.Solutions\AdventOfCode2024.Solutions.csproj", "{56682650-3A5F-4B85-847D-7EA8024FEF0A}"
EndProject
Project("{FAE04EC0-301F-11D3-BF4B-00C04F79EFBC}") = "AdventOfCode2024.Tests", "AdventOfCode2024.Tests\AdventOfCode2024.Tests.csproj", "{2F52BC03-9ED1-42C3-B0B3-58B50596F13D}"
EndProject
Global
	GlobalSection(SolutionConfigurationPlatforms) = preSolution
		Debug|Any CPU = Debug|Any CPU
		Release|Any CPU = Release|Any CPU
	EndGlobalSection
	GlobalSection(ProjectConfigurationPlatforms) = postSolution
		{56682650-3A5F-4B85-847D-7EA8024FEF0A}.Debug|Any CPU.ActiveCfg = Debug|Any CPU
		{56682650-3A5F-4B85-847D-7EA8024FEF0A}.Debug|Any CPU.Build.0 = Debug|Any CPU
		{56682650-3A5F-4B85-847D-7EA8024FEF0A}.Release|Any CPU.ActiveCfg = Release|Any CPU
		{56682650-3A5F-4B85-847D-7EA8024FEF0A}.Release|Any CPU.Build.0 = Release|Any CPU
		{2F52BC03-9ED1-42C3-B0B3-58B50596F13D}.Debug|Any CPU.ActiveCfg = Debug|Any CPU
		{2F52BC03-9ED1-42C3-B0B3-58B50596F13D}.Debug|Any CPU.Build.0 = Debug|Any CPU
		{2F52BC03-9ED1-42C3-B0B3-58B50596F13D}.Release|Any CPU.ActiveCfg = Release|Any CPU
		{2F52BC03-9ED1-42C3-B0B3-58B50596F13D}.Release|Any CPU.Build.0 = Release|Any CPU
	EndGlobalSection
EndGlobal
